
Microsoft Visual Studio Solution File, Format Version 12.00
# Visual Studio Version 17
VisualStudioVersion = 17.7.34031.279
MinimumVisualStudioVersion = 10.0.40219.1
Project("{9A19103F-16F7-4668-BE54-9A1E7A4F7556}") = "PSI_TestProject_WinForms", "PSI_TestProject_WinForms.csproj", "{C55203AB-6254-43E0-9498-AEF6A05E97E5}"
EndProject
Project("{9A19103F-16F7-4668-BE54-9A1E7A4F7556}") = "PSI_TestProject_API", "..\..\PSI_TestProject_API\PSI_TestProject_API\PSI_TestProject_API.csproj", "{DE6EAAD7-A12E-4661-BEB0-1275BD94981F}"
EndProject
Global
	GlobalSection(SolutionConfigurationPlatforms) = preSolution
		Debug|Any CPU = Debug|Any CPU
		Release|Any CPU = Release|Any CPU
	EndGlobalSection
	GlobalSection(ProjectConfigurationPlatforms) = postSolution
		{C55203AB-6254-43E0-9498-AEF6A05E97E5}.Debug|Any CPU.ActiveCfg = Debug|Any CPU
		{C55203AB-6254-43E0-9498-AEF6A05E97E5}.Debug|Any CPU.Build.0 = Debug|Any CPU
		{C55203AB-6254-43E0-9498-AEF6A05E97E5}.Release|Any CPU.ActiveCfg = Release|Any CPU
		{C55203AB-6254-43E0-9498-AEF6A05E97E5}.Release|Any CPU.Build.0 = Release|Any CPU
		{DE6EAAD7-A12E-4661-BEB0-1275BD94981F}.Debug|Any CPU.ActiveCfg = Debug|Any CPU
		{DE6EAAD7-A12E-4661-BEB0-1275BD94981F}.Debug|Any CPU.Build.0 = Debug|Any CPU
		{DE6EAAD7-A12E-4661-BEB0-1275BD94981F}.Release|Any CPU.ActiveCfg = Release|Any CPU
		{DE6EAAD7-A12E-4661-BEB0-1275BD94981F}.Release|Any CPU.Build.0 = Release|Any CPU
	EndGlobalSection
	GlobalSection(SolutionProperties) = preSolution
		HideSolutionNode = FALSE
	EndGlobalSection
	GlobalSection(ExtensibilityGlobals) = postSolution
		SolutionGuid = {38DE9768-E40F-4F9F-BBB8-7C39F5069DB9}
	EndGlobalSection
EndGlobal
